{
  "name": "qa4sm",
  "lockfileVersion": 2,
  "requires": true,
  "packages": {
    "": {
      "dependencies": {
        "font-awesome": "^4.7.0",
        "primeicons": "^4.1.0",
        "primeng": "^12.0.1",
        "spinners-angular": "^0.0.4"
      }
    },
    "node_modules/@angular/common": {
      "version": "12.1.4",
      "resolved": "https://registry.npmjs.org/@angular/common/-/common-12.1.4.tgz",
      "integrity": "sha512-cyh2m5veGgWRFsrmPnwB/Ised90bFNZAjZepvW8WXrpEUa/tmi1yWU9+8ayRG7ztE08lyXncJSSut2Ss2PEhTA==",
      "peer": true,
      "dependencies": {
        "tslib": "^2.2.0"
      },
      "engines": {
        "node": "^12.14.1 || >=14.0.0"
      },
      "peerDependencies": {
        "@angular/core": "12.1.4",
        "rxjs": "^6.5.3"
      }
    },
    "node_modules/@angular/core": {
      "version": "12.1.4",
      "resolved": "https://registry.npmjs.org/@angular/core/-/core-12.1.4.tgz",
      "integrity": "sha512-dG7KtW0l3jI8lapmenSu1wV/d3VOphAjDxVqWOrwh+kI0da7677cEg0Ms5YIF8Nf/++WleyNxk6AIHbDIig+Sw==",
      "peer": true,
      "dependencies": {
        "tslib": "^2.2.0"
      },
      "engines": {
        "node": "^12.14.1 || >=14.0.0"
      },
      "peerDependencies": {
        "rxjs": "^6.5.3",
        "zone.js": "~0.11.4"
      }
    },
    "node_modules/@angular/forms": {
      "version": "12.1.4",
      "resolved": "https://registry.npmjs.org/@angular/forms/-/forms-12.1.4.tgz",
      "integrity": "sha512-HlPZH2HllX2/XEdAT7PkAYIEXn69KanvjxFD40++Xx5a0lMsv7HleYqRdRZYkxKUNCJljL3UqvI5sZ5CCOoVGw==",
      "peer": true,
      "dependencies": {
        "tslib": "^2.2.0"
      },
      "engines": {
        "node": "^12.14.1 || >=14.0.0"
      },
      "peerDependencies": {
        "@angular/common": "12.1.4",
        "@angular/core": "12.1.4",
        "@angular/platform-browser": "12.1.4",
        "rxjs": "^6.5.3"
      }
    },
    "node_modules/@angular/platform-browser": {
      "version": "12.1.4",
      "resolved": "https://registry.npmjs.org/@angular/platform-browser/-/platform-browser-12.1.4.tgz",
      "integrity": "sha512-klJbU75lUGgwZkgyXsHU47JuYh8c7prukw7MIWLw7liHXPK//bLj8kOfKwifSIJ0xzDg9UfdNSGCQqGP5N0SaQ==",
      "peer": true,
      "dependencies": {
        "tslib": "^2.2.0"
      },
      "engines": {
        "node": "^12.14.1 || >=14.0.0"
      },
      "peerDependencies": {
        "@angular/animations": "12.1.4",
        "@angular/common": "12.1.4",
        "@angular/core": "12.1.4"
      },
      "peerDependenciesMeta": {
        "@angular/animations": {
          "optional": true
        }
      }
    },
    "node_modules/font-awesome": {
      "version": "4.7.0",
      "resolved": "https://registry.npmjs.org/font-awesome/-/font-awesome-4.7.0.tgz",
      "integrity": "sha1-j6jPBBGhoxr9B7BtKQK7n8gVoTM=",
      "engines": {
        "node": ">=0.10.3"
      }
    },
    "node_modules/primeicons": {
      "version": "4.1.0",
      "resolved": "https://registry.npmjs.org/primeicons/-/primeicons-4.1.0.tgz",
      "integrity": "sha512-uEv2pSPk1zQCfaB2VgnUfnUxxlGryYi+5rbdxmZBBt5v9S/pscIQYS5YDLxsQZ7D9jn5c76+Tx5wX/2J1nK6sA=="
    },
    "node_modules/primeng": {
      "version": "12.0.1",
      "resolved": "https://registry.npmjs.org/primeng/-/primeng-12.0.1.tgz",
      "integrity": "sha512-czPTqe/wwscoGzJ+FLU9vYd1VHeynEOXjWIodA8jRnwwFqYBAE5aEXEpYxGlvT5D/SYrmQT+GuZNEg333A60MQ==",
      "dependencies": {
        "tslib": "^2.1.0"
      },
      "peerDependencies": {
        "@angular/common": "^7.0.0 || ^8.0.0 || ^9.0.0 || ^10.0.0 || ^11.0.0 || ^12.0.0",
        "@angular/core": "^7.0.0 || ^8.0.0 || ^9.0.0 || ^10.0.0 || ^11.0.0 || ^12.0.0",
        "@angular/forms": "^7.0.0 || ^8.0.0 || ^9.0.0 || ^10.0.0 || ^11.0.0 || ^12.0.0",
        "rxjs": "^6.0.0",
        "zone.js": "^0.10.2 || ^0.11.0"
      }
    },
    "node_modules/rxjs": {
      "version": "6.6.7",
      "resolved": "https://registry.npmjs.org/rxjs/-/rxjs-6.6.7.tgz",
      "integrity": "sha512-hTdwr+7yYNIT5n4AMYp85KA6yw2Va0FLa3Rguvbpa4W3I5xynaBZo41cM3XM+4Q6fRMj3sBYIR1VAmZMXYJvRQ==",
      "peer": true,
      "dependencies": {
        "tslib": "^1.9.0"
      },
      "engines": {
        "npm": ">=2.0.0"
      }
    },
    "node_modules/rxjs/node_modules/tslib": {
      "version": "1.14.1",
      "resolved": "https://registry.npmjs.org/tslib/-/tslib-1.14.1.tgz",
      "integrity": "sha512-Xni35NKzjgMrwevysHTCArtLDpPvye8zV/0E4EyYn43P7/7qvQwPh9BGkHewbMulVntbigmcT7rdX3BNo9wRJg==",
      "peer": true
    },
    "node_modules/spinners-angular": {
      "version": "0.0.4",
      "resolved": "https://registry.npmjs.org/spinners-angular/-/spinners-angular-0.0.4.tgz",
      "integrity": "sha512-wb2PFoqGdLBjfqOuSuB0JTPdzZaYiYNXyK8hvn1vfsqqyO1okjR+mSStrztYbWofPbEdL0xwfAR60/CVzLY4iA==",
      "dependencies": {
        "tslib": "^1.10.0"
      },
      "peerDependencies": {
        "@angular/common": ">=9",
        "@angular/core": ">=9"
      }
    },
    "node_modules/spinners-angular/node_modules/tslib": {
      "version": "1.14.1",
      "resolved": "https://registry.npmjs.org/tslib/-/tslib-1.14.1.tgz",
      "integrity": "sha512-Xni35NKzjgMrwevysHTCArtLDpPvye8zV/0E4EyYn43P7/7qvQwPh9BGkHewbMulVntbigmcT7rdX3BNo9wRJg=="
    },
    "node_modules/tslib": {
      "version": "2.3.0",
      "resolved": "https://registry.npmjs.org/tslib/-/tslib-2.3.0.tgz",
      "integrity": "sha512-N82ooyxVNm6h1riLCoyS9e3fuJ3AMG2zIZs2Gd1ATcSFjSA23Q0fzjjZeh0jbJvWVDZ0cJT8yaNNaaXHzueNjg=="
    },
    "node_modules/zone.js": {
      "version": "0.11.4",
      "resolved": "https://registry.npmjs.org/zone.js/-/zone.js-0.11.4.tgz",
      "integrity": "sha512-DDh2Ab+A/B+9mJyajPjHFPWfYU1H+pdun4wnnk0OcQTNjem1XQSZ2CDW+rfZEUDjv5M19SBqAkjZi0x5wuB5Qw==",
      "peer": true,
      "dependencies": {
        "tslib": "^2.0.0"
      }
    }
  },
  "dependencies": {
    "@angular/common": {
      "version": "12.1.4",
      "resolved": "https://registry.npmjs.org/@angular/common/-/common-12.1.4.tgz",
      "integrity": "sha512-cyh2m5veGgWRFsrmPnwB/Ised90bFNZAjZepvW8WXrpEUa/tmi1yWU9+8ayRG7ztE08lyXncJSSut2Ss2PEhTA==",
      "peer": true,
      "requires": {
        "tslib": "^2.2.0"
      }
    },
    "@angular/core": {
      "version": "12.1.4",
      "resolved": "https://registry.npmjs.org/@angular/core/-/core-12.1.4.tgz",
      "integrity": "sha512-dG7KtW0l3jI8lapmenSu1wV/d3VOphAjDxVqWOrwh+kI0da7677cEg0Ms5YIF8Nf/++WleyNxk6AIHbDIig+Sw==",
      "peer": true,
      "requires": {
        "tslib": "^2.2.0"
      }
    },
    "@angular/forms": {
      "version": "12.1.4",
      "resolved": "https://registry.npmjs.org/@angular/forms/-/forms-12.1.4.tgz",
      "integrity": "sha512-HlPZH2HllX2/XEdAT7PkAYIEXn69KanvjxFD40++Xx5a0lMsv7HleYqRdRZYkxKUNCJljL3UqvI5sZ5CCOoVGw==",
      "peer": true,
      "requires": {
        "tslib": "^2.2.0"
      }
    },
    "@angular/platform-browser": {
      "version": "12.1.4",
      "resolved": "https://registry.npmjs.org/@angular/platform-browser/-/platform-browser-12.1.4.tgz",
      "integrity": "sha512-klJbU75lUGgwZkgyXsHU47JuYh8c7prukw7MIWLw7liHXPK//bLj8kOfKwifSIJ0xzDg9UfdNSGCQqGP5N0SaQ==",
      "peer": true,
      "requires": {
        "tslib": "^2.2.0"
      }
    },
    "font-awesome": {
      "version": "4.7.0",
      "resolved": "https://registry.npmjs.org/font-awesome/-/font-awesome-4.7.0.tgz",
      "integrity": "sha1-j6jPBBGhoxr9B7BtKQK7n8gVoTM="
    },
    "primeicons": {
      "version": "4.1.0",
      "resolved": "https://registry.npmjs.org/primeicons/-/primeicons-4.1.0.tgz",
      "integrity": "sha512-uEv2pSPk1zQCfaB2VgnUfnUxxlGryYi+5rbdxmZBBt5v9S/pscIQYS5YDLxsQZ7D9jn5c76+Tx5wX/2J1nK6sA=="
    },
    "primeng": {
      "version": "12.0.1",
      "resolved": "https://registry.npmjs.org/primeng/-/primeng-12.0.1.tgz",
      "integrity": "sha512-czPTqe/wwscoGzJ+FLU9vYd1VHeynEOXjWIodA8jRnwwFqYBAE5aEXEpYxGlvT5D/SYrmQT+GuZNEg333A60MQ==",
      "requires": {
        "tslib": "^2.1.0"
      }
    },
    "rxjs": {
      "version": "6.6.7",
      "resolved": "https://registry.npmjs.org/rxjs/-/rxjs-6.6.7.tgz",
      "integrity": "sha512-hTdwr+7yYNIT5n4AMYp85KA6yw2Va0FLa3Rguvbpa4W3I5xynaBZo41cM3XM+4Q6fRMj3sBYIR1VAmZMXYJvRQ==",
      "peer": true,
      "requires": {
        "tslib": "^1.9.0"
      },
      "dependencies": {
        "tslib": {
          "version": "1.14.1",
          "resolved": "https://registry.npmjs.org/tslib/-/tslib-1.14.1.tgz",
          "integrity": "sha512-Xni35NKzjgMrwevysHTCArtLDpPvye8zV/0E4EyYn43P7/7qvQwPh9BGkHewbMulVntbigmcT7rdX3BNo9wRJg==",
          "peer": true
        }
      }
    },
    "spinners-angular": {
      "version": "0.0.4",
      "resolved": "https://registry.npmjs.org/spinners-angular/-/spinners-angular-0.0.4.tgz",
      "integrity": "sha512-wb2PFoqGdLBjfqOuSuB0JTPdzZaYiYNXyK8hvn1vfsqqyO1okjR+mSStrztYbWofPbEdL0xwfAR60/CVzLY4iA==",
      "requires": {
        "tslib": "^1.10.0"
      },
      "dependencies": {
        "tslib": {
          "version": "1.14.1",
          "resolved": "https://registry.npmjs.org/tslib/-/tslib-1.14.1.tgz",
          "integrity": "sha512-Xni35NKzjgMrwevysHTCArtLDpPvye8zV/0E4EyYn43P7/7qvQwPh9BGkHewbMulVntbigmcT7rdX3BNo9wRJg=="
        }
      }
    },
    "tslib": {
      "version": "2.3.0",
      "resolved": "https://registry.npmjs.org/tslib/-/tslib-2.3.0.tgz",
      "integrity": "sha512-N82ooyxVNm6h1riLCoyS9e3fuJ3AMG2zIZs2Gd1ATcSFjSA23Q0fzjjZeh0jbJvWVDZ0cJT8yaNNaaXHzueNjg=="
    },
    "zone.js": {
      "version": "0.11.4",
      "resolved": "https://registry.npmjs.org/zone.js/-/zone.js-0.11.4.tgz",
      "integrity": "sha512-DDh2Ab+A/B+9mJyajPjHFPWfYU1H+pdun4wnnk0OcQTNjem1XQSZ2CDW+rfZEUDjv5M19SBqAkjZi0x5wuB5Qw==",
      "peer": true,
      "requires": {
        "tslib": "^2.0.0"
      }
    }
  }
}
